Microsoft Visual Studio Solution File, Format Version 12.00
# Visual Studio Version 17
VisualStudioVersion = 17.5.2.0
MinimumVisualStudioVersion = 10.0.40219.1
Project("{FAE04EC0-301F-11D3-BF4B-00C04F79EFBC}") = "exampledocso", "exampledocso.csproj", "{8AF89579-9A0E-2218-453F-62633F5F8126}"
EndProject
Global
	GlobalSection(SolutionConfigurationPlatforms) = preSolution
		Debug|Any CPU = Debug|Any CPU
		Release|Any CPU = Release|Any CPU
	EndGlobalSection
	GlobalSection(ProjectConfigurationPlatforms) = postSolution
		{8AF89579-9A0E-2218-453F-62633F5F8126}.Debug|Any CPU.ActiveCfg = Debug|Any CPU
		{8AF89579-9A0E-2218-453F-62633F5F8126}.Debug|Any CPU.Build.0 = Debug|Any CPU
		{8AF89579-9A0E-2218-453F-62633F5F8126}.Release|Any CPU.ActiveCfg = Release|Any CPU
		{8AF89579-9A0E-2218-453F-62633F5F8126}.Release|Any CPU.Build.0 = Release|Any CPU
	EndGlobalSection
	GlobalSection(SolutionProperties) = preSolution
		HideSolutionNode = FALSE
	EndGlobalSection
	GlobalSection(ExtensibilityGlobals) = postSolution
		SolutionGuid = {AB15D878-1D5D-4EED-88C6-1F53A48886C8}
	EndGlobalSection
EndGlobal
