Microsoft Visual Studio Solution File, Format Version 12.00
# Visual Studio Version 17
VisualStudioVersion = 17.5.2.0
MinimumVisualStudioVersion = 10.0.40219.1
Project("{FAE04EC0-301F-11D3-BF4B-00C04F79EFBC}") = "examplearraytwoint", "examplearraytwoint.csproj", "{19BFEFB2-F42B-7191-6952-A2D9E5DD7843}"
EndProject
Global
	GlobalSection(SolutionConfigurationPlatforms) = preSolution
		Debug|Any CPU = Debug|Any CPU
		Release|Any CPU = Release|Any CPU
	EndGlobalSection
	GlobalSection(ProjectConfigurationPlatforms) = postSolution
		{19BFEFB2-F42B-7191-6952-A2D9E5DD7843}.Debug|Any CPU.ActiveCfg = Debug|Any CPU
		{19BFEFB2-F42B-7191-6952-A2D9E5DD7843}.Debug|Any CPU.Build.0 = Debug|Any CPU
		{19BFEFB2-F42B-7191-6952-A2D9E5DD7843}.Release|Any CPU.ActiveCfg = Release|Any CPU
		{19BFEFB2-F42B-7191-6952-A2D9E5DD7843}.Release|Any CPU.Build.0 = Release|Any CPU
	EndGlobalSection
	GlobalSection(SolutionProperties) = preSolution
		HideSolutionNode = FALSE
	EndGlobalSection
	GlobalSection(ExtensibilityGlobals) = postSolution
		SolutionGuid = {F7E8DC5E-59C0-4560-A6BB-4718A9A487E6}
	EndGlobalSection
EndGlobal
