Microsoft Visual Studio Solution File, Format Version 12.00
# Visual Studio Version 17
VisualStudioVersion = 17.5.2.0
MinimumVisualStudioVersion = 10.0.40219.1
Project("{FAE04EC0-301F-11D3-BF4B-00C04F79EFBC}") = "exmaplelinq", "exmaplelinq.csproj", "{42476A78-37FF-5C14-01EC-29B5B4983E11}"
EndProject
Global
	GlobalSection(SolutionConfigurationPlatforms) = preSolution
		Debug|Any CPU = Debug|Any CPU
		Release|Any CPU = Release|Any CPU
	EndGlobalSection
	GlobalSection(ProjectConfigurationPlatforms) = postSolution
		{42476A78-37FF-5C14-01EC-29B5B4983E11}.Debug|Any CPU.ActiveCfg = Debug|Any CPU
		{42476A78-37FF-5C14-01EC-29B5B4983E11}.Debug|Any CPU.Build.0 = Debug|Any CPU
		{42476A78-37FF-5C14-01EC-29B5B4983E11}.Release|Any CPU.ActiveCfg = Release|Any CPU
		{42476A78-37FF-5C14-01EC-29B5B4983E11}.Release|Any CPU.Build.0 = Release|Any CPU
	EndGlobalSection
	GlobalSection(SolutionProperties) = preSolution
		HideSolutionNode = FALSE
	EndGlobalSection
	GlobalSection(ExtensibilityGlobals) = postSolution
		SolutionGuid = {094FFB26-E686-446B-85A4-22682CFFD9D9}
	EndGlobalSection
EndGlobal
