Microsoft Visual Studio Solution File, Format Version 12.00
# Visual Studio Version 17
VisualStudioVersion = 17.5.2.0
MinimumVisualStudioVersion = 10.0.40219.1
Project("{FAE04EC0-301F-11D3-BF4B-00C04F79EFBC}") = "vidu1", "vidu1.csproj", "{1B03E70C-3A0E-9FC0-16C3-B8A8D35DD177}"
EndProject
Global
	GlobalSection(SolutionConfigurationPlatforms) = preSolution
		Debug|Any CPU = Debug|Any CPU
		Release|Any CPU = Release|Any CPU
	EndGlobalSection
	GlobalSection(ProjectConfigurationPlatforms) = postSolution
		{1B03E70C-3A0E-9FC0-16C3-B8A8D35DD177}.Debug|Any CPU.ActiveCfg = Debug|Any CPU
		{1B03E70C-3A0E-9FC0-16C3-B8A8D35DD177}.Debug|Any CPU.Build.0 = Debug|Any CPU
		{1B03E70C-3A0E-9FC0-16C3-B8A8D35DD177}.Release|Any CPU.ActiveCfg = Release|Any CPU
		{1B03E70C-3A0E-9FC0-16C3-B8A8D35DD177}.Release|Any CPU.Build.0 = Release|Any CPU
	EndGlobalSection
	GlobalSection(SolutionProperties) = preSolution
		HideSolutionNode = FALSE
	EndGlobalSection
	GlobalSection(ExtensibilityGlobals) = postSolution
		SolutionGuid = {D9345219-73D6-4449-AA01-166BBFC5AAEA}
	EndGlobalSection
EndGlobal
